
Microsoft Visual Studio Solution File, Format Version 12.00
# Visual Studio Version 17
VisualStudioVersion = 17.7.34221.43
MinimumVisualStudioVersion = 15.0.26124.0
Project("{9A19103F-16F7-4668-BE54-9A1E7A4F7556}") = "DFC.App.ActionPlans", "DFC.App.ActionPlans\DFC.App.ActionPlans.csproj", "{57AECDC7-1C49-45CA-87A4-3478C7A1320D}"
EndProject
Project("{9A19103F-16F7-4668-BE54-9A1E7A4F7556}") = "DFC.App.ActionPlans.UnitTests", "DFC.App.ActionPlans.UnitTests\DFC.App.ActionPlans.UnitTests.csproj", "{4F355A7C-583D-4B0A-8FC4-4E4443E9CA00}"
EndProject
Project("{9A19103F-16F7-4668-BE54-9A1E7A4F7556}") = "DFC.App.ActionPlans.Services.DSS", "DFC.App.ActionPlans.Services.DSS\DFC.App.ActionPlans.Services.DSS.csproj", "{AA70EF89-8668-462D-B948-C7C1DCBB8DD0}"
EndProject
Project("{2150E333-8FDC-42A3-9474-1A3956D46DE8}") = "_Solution Items", "_Solution Items", "{2D2A7F0A-6866-464D-AB0F-9C5ADF780859}"
	ProjectSection(SolutionItems) = preProject
		CODEOWNERS = CODEOWNERS
		DFC.Digital.CodeAnalysis.ruleset = DFC.Digital.CodeAnalysis.ruleset
		LICENSE = LICENSE
		README.md = README.md
		UnitTests.CodeAnalysis.ruleset = UnitTests.CodeAnalysis.ruleset
	EndProjectSection
EndProject
Project("{2150E333-8FDC-42A3-9474-1A3956D46DE8}") = "Tests", "Tests", "{98583330-785B-4AD7-883F-D50E687AFFF5}"
EndProject
Project("{9A19103F-16F7-4668-BE54-9A1E7A4F7556}") = "DFC.App.ActionPlans.Services.Cosmos", "DFC.App.ActionPlans.Services.Cosmos\DFC.App.ActionPlans.Services.Cosmos.csproj", "{596AC70A-ACBE-4CBC-B7A0-30B9DC0EA91C}"
EndProject
Project("{2150E333-8FDC-42A3-9474-1A3956D46DE8}") = "Services", "Services", "{8E68294B-279C-483B-9DF2-B19120492A3F}"
EndProject
Project("{2150E333-8FDC-42A3-9474-1A3956D46DE8}") = "Data", "Data", "{5087D676-E250-442A-BBFB-6E356B45412F}"
EndProject
Project("{9A19103F-16F7-4668-BE54-9A1E7A4F7556}") = "DFC.APP.ActionPlans.Data", "DFC.APP.ActionPlans.Data\DFC.APP.ActionPlans.Data.csproj", "{761827AC-0024-4860-BCAF-C7839E759823}"
EndProject
Project("{9A19103F-16F7-4668-BE54-9A1E7A4F7556}") = "DFC.APP.ActionPlans.CacheContentService", "DFC.APP.ActionPlans.CacheContentService\DFC.APP.ActionPlans.CacheContentService.csproj", "{FDF10AC4-5F28-4D29-9346-A181E74D2B35}"
EndProject
Project("{9A19103F-16F7-4668-BE54-9A1E7A4F7556}") = "DFC.App.ActionPlans.CacheContentService.UnitTests", "DFC.App.ActionPlans.CacheContentService.UnitTests\DFC.App.ActionPlans.CacheContentService.UnitTests.csproj", "{8A6DA8A9-9307-4C3E-9DE9-2E9AE723F0AA}"
EndProject
Project("{2150E333-8FDC-42A3-9474-1A3956D46DE8}") = "FunctionalTests", "FunctionalTests", "{85E2482E-E2B8-42D5-BDD7-2B4654B9BA43}"
EndProject
Project("{2150E333-8FDC-42A3-9474-1A3956D46DE8}") = "UI", "UI", "{0BF702BD-3CB3-452F-B0C7-2EFB544F518A}"
EndProject
Project("{9A19103F-16F7-4668-BE54-9A1E7A4F7556}") = "DFC.App.ActionPlans.UI.FunctionalTests", "DFC.App.ActionPlans.UI.FunctionalTests\DFC.App.ActionPlans.UI.FunctionalTests.csproj", "{6926461B-0774-4F94-AB0F-9100DD738DA3}"
EndProject
Project("{2150E333-8FDC-42A3-9474-1A3956D46DE8}") = "Solution Items", "Solution Items", "{38F3F346-3E98-40B6-8D32-809B17D5C753}"
	ProjectSection(SolutionItems) = preProject
		.editorconfig = .editorconfig
	EndProjectSection
EndProject
Project("{9A19103F-16F7-4668-BE54-9A1E7A4F7556}") = "DFC.App.ActionPlans.Services.Cosmos.UnitTests", "DFC.App.ActionPlans.Services.Cosmos.UnitTests\DFC.App.ActionPlans.Services.Cosmos.UnitTests.csproj", "{D28D2037-8B70-406D-8F0A-BF43D864D971}"
EndProject
Project("{9A19103F-16F7-4668-BE54-9A1E7A4F7556}") = "DFC.App.ActionPlans.Services.DSS.UnitTests", "DFC.App.ActionPlans.Services.DSS.UnitTests\DFC.App.ActionPlans.Services.DSS.UnitTests.csproj", "{668CC5F8-C0BE-45C5-A66D-83BE2047C15C}"
EndProject
Project("{9A19103F-16F7-4668-BE54-9A1E7A4F7556}") = "DFC.App.ActionPlans.Services.DSS.UnitTest", "DFC.App.Account.Services.DSS.UnitTest\DFC.App.ActionPlans.Services.DSS.UnitTest.csproj", "{03253A93-7BB9-4AFA-A0E7-89EBF268F3CD}"
EndProject
Global
	GlobalSection(SolutionConfigurationPlatforms) = preSolution
		Debug|Any CPU = Debug|Any CPU
		Debug|x64 = Debug|x64
		Debug|x86 = Debug|x86
		Release|Any CPU = Release|Any CPU
		Release|x64 = Release|x64
		Release|x86 = Release|x86
	EndGlobalSection
	GlobalSection(ProjectConfigurationPlatforms) = postSolution
		{57AECDC7-1C49-45CA-87A4-3478C7A1320D}.Debug|Any CPU.ActiveCfg = Debug|Any CPU
		{57AECDC7-1C49-45CA-87A4-3478C7A1320D}.Debug|Any CPU.Build.0 = Debug|Any CPU
		{57AECDC7-1C49-45CA-87A4-3478C7A1320D}.Debug|x64.ActiveCfg = Debug|Any CPU
		{57AECDC7-1C49-45CA-87A4-3478C7A1320D}.Debug|x64.Build.0 = Debug|Any CPU
		{57AECDC7-1C49-45CA-87A4-3478C7A1320D}.Debug|x86.ActiveCfg = Debug|Any CPU
		{57AECDC7-1C49-45CA-87A4-3478C7A1320D}.Debug|x86.Build.0 = Debug|Any CPU
		{57AECDC7-1C49-45CA-87A4-3478C7A1320D}.Release|Any CPU.ActiveCfg = Release|Any CPU
		{57AECDC7-1C49-45CA-87A4-3478C7A1320D}.Release|Any CPU.Build.0 = Release|Any CPU
		{57AECDC7-1C49-45CA-87A4-3478C7A1320D}.Release|x64.ActiveCfg = Release|Any CPU
		{57AECDC7-1C49-45CA-87A4-3478C7A1320D}.Release|x64.Build.0 = Release|Any CPU
		{57AECDC7-1C49-45CA-87A4-3478C7A1320D}.Release|x86.ActiveCfg = Release|Any CPU
		{57AECDC7-1C49-45CA-87A4-3478C7A1320D}.Release|x86.Build.0 = Release|Any CPU
		{4F355A7C-583D-4B0A-8FC4-4E4443E9CA00}.Debug|Any CPU.ActiveCfg = Debug|Any CPU
		{4F355A7C-583D-4B0A-8FC4-4E4443E9CA00}.Debug|Any CPU.Build.0 = Debug|Any CPU
		{4F355A7C-583D-4B0A-8FC4-4E4443E9CA00}.Debug|x64.ActiveCfg = Debug|Any CPU
		{4F355A7C-583D-4B0A-8FC4-4E4443E9CA00}.Debug|x64.Build.0 = Debug|Any CPU
		{4F355A7C-583D-4B0A-8FC4-4E4443E9CA00}.Debug|x86.ActiveCfg = Debug|Any CPU
		{4F355A7C-583D-4B0A-8FC4-4E4443E9CA00}.Debug|x86.Build.0 = Debug|Any CPU
		{4F355A7C-583D-4B0A-8FC4-4E4443E9CA00}.Release|Any CPU.ActiveCfg = Release|Any CPU
		{4F355A7C-583D-4B0A-8FC4-4E4443E9CA00}.Release|Any CPU.Build.0 = Release|Any CPU
		{4F355A7C-583D-4B0A-8FC4-4E4443E9CA00}.Release|x64.ActiveCfg = Release|Any CPU
		{4F355A7C-583D-4B0A-8FC4-4E4443E9CA00}.Release|x64.Build.0 = Release|Any CPU
		{4F355A7C-583D-4B0A-8FC4-4E4443E9CA00}.Release|x86.ActiveCfg = Release|Any CPU
		{4F355A7C-583D-4B0A-8FC4-4E4443E9CA00}.Release|x86.Build.0 = Release|Any CPU
		{AA70EF89-8668-462D-B948-C7C1DCBB8DD0}.Debug|Any CPU.ActiveCfg = Debug|Any CPU
		{AA70EF89-8668-462D-B948-C7C1DCBB8DD0}.Debug|Any CPU.Build.0 = Debug|Any CPU
		{AA70EF89-8668-462D-B948-C7C1DCBB8DD0}.Debug|x64.ActiveCfg = Debug|Any CPU
		{AA70EF89-8668-462D-B948-C7C1DCBB8DD0}.Debug|x64.Build.0 = Debug|Any CPU
		{AA70EF89-8668-462D-B948-C7C1DCBB8DD0}.Debug|x86.ActiveCfg = Debug|Any CPU
		{AA70EF89-8668-462D-B948-C7C1DCBB8DD0}.Debug|x86.Build.0 = Debug|Any CPU
		{AA70EF89-8668-462D-B948-C7C1DCBB8DD0}.Release|Any CPU.ActiveCfg = Release|Any CPU
		{AA70EF89-8668-462D-B948-C7C1DCBB8DD0}.Release|Any CPU.Build.0 = Release|Any CPU
		{AA70EF89-8668-462D-B948-C7C1DCBB8DD0}.Release|x64.ActiveCfg = Release|Any CPU
		{AA70EF89-8668-462D-B948-C7C1DCBB8DD0}.Release|x64.Build.0 = Release|Any CPU
		{AA70EF89-8668-462D-B948-C7C1DCBB8DD0}.Release|x86.ActiveCfg = Release|Any CPU
		{AA70EF89-8668-462D-B948-C7C1DCBB8DD0}.Release|x86.Build.0 = Release|Any CPU
		{596AC70A-ACBE-4CBC-B7A0-30B9DC0EA91C}.Debug|Any CPU.ActiveCfg = Debug|Any CPU
		{596AC70A-ACBE-4CBC-B7A0-30B9DC0EA91C}.Debug|Any CPU.Build.0 = Debug|Any CPU
		{596AC70A-ACBE-4CBC-B7A0-30B9DC0EA91C}.Debug|x64.ActiveCfg = Debug|Any CPU
		{596AC70A-ACBE-4CBC-B7A0-30B9DC0EA91C}.Debug|x64.Build.0 = Debug|Any CPU
		{596AC70A-ACBE-4CBC-B7A0-30B9DC0EA91C}.Debug|x86.ActiveCfg = Debug|Any CPU
		{596AC70A-ACBE-4CBC-B7A0-30B9DC0EA91C}.Debug|x86.Build.0 = Debug|Any CPU
		{596AC70A-ACBE-4CBC-B7A0-30B9DC0EA91C}.Release|Any CPU.ActiveCfg = Release|Any CPU
		{596AC70A-ACBE-4CBC-B7A0-30B9DC0EA91C}.Release|Any CPU.Build.0 = Release|Any CPU
		{596AC70A-ACBE-4CBC-B7A0-30B9DC0EA91C}.Release|x64.ActiveCfg = Release|Any CPU
		{596AC70A-ACBE-4CBC-B7A0-30B9DC0EA91C}.Release|x64.Build.0 = Release|Any CPU
		{596AC70A-ACBE-4CBC-B7A0-30B9DC0EA91C}.Release|x86.ActiveCfg = Release|Any CPU
		{596AC70A-ACBE-4CBC-B7A0-30B9DC0EA91C}.Release|x86.Build.0 = Release|Any CPU
		{761827AC-0024-4860-BCAF-C7839E759823}.Debug|Any CPU.ActiveCfg = Debug|Any CPU
		{761827AC-0024-4860-BCAF-C7839E759823}.Debug|Any CPU.Build.0 = Debug|Any CPU
		{761827AC-0024-4860-BCAF-C7839E759823}.Debug|x64.ActiveCfg = Debug|Any CPU
		{761827AC-0024-4860-BCAF-C7839E759823}.Debug|x64.Build.0 = Debug|Any CPU
		{761827AC-0024-4860-BCAF-C7839E759823}.Debug|x86.ActiveCfg = Debug|Any CPU
		{761827AC-0024-4860-BCAF-C7839E759823}.Debug|x86.Build.0 = Debug|Any CPU
		{761827AC-0024-4860-BCAF-C7839E759823}.Release|Any CPU.ActiveCfg = Release|Any CPU
		{761827AC-0024-4860-BCAF-C7839E759823}.Release|Any CPU.Build.0 = Release|Any CPU
		{761827AC-0024-4860-BCAF-C7839E759823}.Release|x64.ActiveCfg = Release|Any CPU
		{761827AC-0024-4860-BCAF-C7839E759823}.Release|x64.Build.0 = Release|Any CPU
		{761827AC-0024-4860-BCAF-C7839E759823}.Release|x86.ActiveCfg = Release|Any CPU
		{761827AC-0024-4860-BCAF-C7839E759823}.Release|x86.Build.0 = Release|Any CPU
		{FDF10AC4-5F28-4D29-9346-A181E74D2B35}.Debug|Any CPU.ActiveCfg = Debug|Any CPU
		{FDF10AC4-5F28-4D29-9346-A181E74D2B35}.Debug|Any CPU.Build.0 = Debug|Any CPU
		{FDF10AC4-5F28-4D29-9346-A181E74D2B35}.Debug|x64.ActiveCfg = Debug|Any CPU
		{FDF10AC4-5F28-4D29-9346-A181E74D2B35}.Debug|x64.Build.0 = Debug|Any CPU
		{FDF10AC4-5F28-4D29-9346-A181E74D2B35}.Debug|x86.ActiveCfg = Debug|Any CPU
		{FDF10AC4-5F28-4D29-9346-A181E74D2B35}.Debug|x86.Build.0 = Debug|Any CPU
		{FDF10AC4-5F28-4D29-9346-A181E74D2B35}.Release|Any CPU.ActiveCfg = Release|Any CPU
		{FDF10AC4-5F28-4D29-9346-A181E74D2B35}.Release|Any CPU.Build.0 = Release|Any CPU
		{FDF10AC4-5F28-4D29-9346-A181E74D2B35}.Release|x64.ActiveCfg = Release|Any CPU
		{FDF10AC4-5F28-4D29-9346-A181E74D2B35}.Release|x64.Build.0 = Release|Any CPU
		{FDF10AC4-5F28-4D29-9346-A181E74D2B35}.Release|x86.ActiveCfg = Release|Any CPU
		{FDF10AC4-5F28-4D29-9346-A181E74D2B35}.Release|x86.Build.0 = Release|Any CPU
		{8A6DA8A9-9307-4C3E-9DE9-2E9AE723F0AA}.Debug|Any CPU.ActiveCfg = Debug|Any CPU
		{8A6DA8A9-9307-4C3E-9DE9-2E9AE723F0AA}.Debug|Any CPU.Build.0 = Debug|Any CPU
		{8A6DA8A9-9307-4C3E-9DE9-2E9AE723F0AA}.Debug|x64.ActiveCfg = Debug|Any CPU
		{8A6DA8A9-9307-4C3E-9DE9-2E9AE723F0AA}.Debug|x64.Build.0 = Debug|Any CPU
		{8A6DA8A9-9307-4C3E-9DE9-2E9AE723F0AA}.Debug|x86.ActiveCfg = Debug|Any CPU
		{8A6DA8A9-9307-4C3E-9DE9-2E9AE723F0AA}.Debug|x86.Build.0 = Debug|Any CPU
		{8A6DA8A9-9307-4C3E-9DE9-2E9AE723F0AA}.Release|Any CPU.ActiveCfg = Release|Any CPU
		{8A6DA8A9-9307-4C3E-9DE9-2E9AE723F0AA}.Release|Any CPU.Build.0 = Release|Any CPU
		{8A6DA8A9-9307-4C3E-9DE9-2E9AE723F0AA}.Release|x64.ActiveCfg = Release|Any CPU
		{8A6DA8A9-9307-4C3E-9DE9-2E9AE723F0AA}.Release|x64.Build.0 = Release|Any CPU
		{8A6DA8A9-9307-4C3E-9DE9-2E9AE723F0AA}.Release|x86.ActiveCfg = Release|Any CPU
		{8A6DA8A9-9307-4C3E-9DE9-2E9AE723F0AA}.Release|x86.Build.0 = Release|Any CPU
		{6926461B-0774-4F94-AB0F-9100DD738DA3}.Debug|Any CPU.ActiveCfg = Debug|Any CPU
		{6926461B-0774-4F94-AB0F-9100DD738DA3}.Debug|Any CPU.Build.0 = Debug|Any CPU
		{6926461B-0774-4F94-AB0F-9100DD738DA3}.Debug|x64.ActiveCfg = Debug|Any CPU
		{6926461B-0774-4F94-AB0F-9100DD738DA3}.Debug|x64.Build.0 = Debug|Any CPU
		{6926461B-0774-4F94-AB0F-9100DD738DA3}.Debug|x86.ActiveCfg = Debug|Any CPU
		{6926461B-0774-4F94-AB0F-9100DD738DA3}.Debug|x86.Build.0 = Debug|Any CPU
		{6926461B-0774-4F94-AB0F-9100DD738DA3}.Release|Any CPU.ActiveCfg = Release|Any CPU
		{6926461B-0774-4F94-AB0F-9100DD738DA3}.Release|Any CPU.Build.0 = Release|Any CPU
		{6926461B-0774-4F94-AB0F-9100DD738DA3}.Release|x64.ActiveCfg = Release|Any CPU
		{6926461B-0774-4F94-AB0F-9100DD738DA3}.Release|x64.Build.0 = Release|Any CPU
		{6926461B-0774-4F94-AB0F-9100DD738DA3}.Release|x86.ActiveCfg = Release|Any CPU
		{6926461B-0774-4F94-AB0F-9100DD738DA3}.Release|x86.Build.0 = Release|Any CPU
		{D28D2037-8B70-406D-8F0A-BF43D864D971}.Debug|Any CPU.ActiveCfg = Debug|Any CPU
		{D28D2037-8B70-406D-8F0A-BF43D864D971}.Debug|Any CPU.Build.0 = Debug|Any CPU
		{D28D2037-8B70-406D-8F0A-BF43D864D971}.Debug|x64.ActiveCfg = Debug|Any CPU
		{D28D2037-8B70-406D-8F0A-BF43D864D971}.Debug|x64.Build.0 = Debug|Any CPU
		{D28D2037-8B70-406D-8F0A-BF43D864D971}.Debug|x86.ActiveCfg = Debug|Any CPU
		{D28D2037-8B70-406D-8F0A-BF43D864D971}.Debug|x86.Build.0 = Debug|Any CPU
		{D28D2037-8B70-406D-8F0A-BF43D864D971}.Release|Any CPU.ActiveCfg = Release|Any CPU
		{D28D2037-8B70-406D-8F0A-BF43D864D971}.Release|Any CPU.Build.0 = Release|Any CPU
		{D28D2037-8B70-406D-8F0A-BF43D864D971}.Release|x64.ActiveCfg = Release|Any CPU
		{D28D2037-8B70-406D-8F0A-BF43D864D971}.Release|x64.Build.0 = Release|Any CPU
		{D28D2037-8B70-406D-8F0A-BF43D864D971}.Release|x86.ActiveCfg = Release|Any CPU
		{D28D2037-8B70-406D-8F0A-BF43D864D971}.Release|x86.Build.0 = Release|Any CPU
		{668CC5F8-C0BE-45C5-A66D-83BE2047C15C}.Debug|Any CPU.ActiveCfg = Debug|Any CPU
		{668CC5F8-C0BE-45C5-A66D-83BE2047C15C}.Debug|Any CPU.Build.0 = Debug|Any CPU
		{668CC5F8-C0BE-45C5-A66D-83BE2047C15C}.Debug|x64.ActiveCfg = Debug|Any CPU
		{668CC5F8-C0BE-45C5-A66D-83BE2047C15C}.Debug|x64.Build.0 = Debug|Any CPU
		{668CC5F8-C0BE-45C5-A66D-83BE2047C15C}.Debug|x86.ActiveCfg = Debug|Any CPU
		{668CC5F8-C0BE-45C5-A66D-83BE2047C15C}.Debug|x86.Build.0 = Debug|Any CPU
		{668CC5F8-C0BE-45C5-A66D-83BE2047C15C}.Release|Any CPU.ActiveCfg = Release|Any CPU
		{668CC5F8-C0BE-45C5-A66D-83BE2047C15C}.Release|Any CPU.Build.0 = Release|Any CPU
		{668CC5F8-C0BE-45C5-A66D-83BE2047C15C}.Release|x64.ActiveCfg = Release|Any CPU
		{668CC5F8-C0BE-45C5-A66D-83BE2047C15C}.Release|x64.Build.0 = Release|Any CPU
		{668CC5F8-C0BE-45C5-A66D-83BE2047C15C}.Release|x86.ActiveCfg = Release|Any CPU
		{668CC5F8-C0BE-45C5-A66D-83BE2047C15C}.Release|x86.Build.0 = Release|Any CPU
		{03253A93-7BB9-4AFA-A0E7-89EBF268F3CD}.Debug|Any CPU.ActiveCfg = Debug|Any CPU
		{03253A93-7BB9-4AFA-A0E7-89EBF268F3CD}.Debug|Any CPU.Build.0 = Debug|Any CPU
		{03253A93-7BB9-4AFA-A0E7-89EBF268F3CD}.Debug|x64.ActiveCfg = Debug|Any CPU
		{03253A93-7BB9-4AFA-A0E7-89EBF268F3CD}.Debug|x64.Build.0 = Debug|Any CPU
		{03253A93-7BB9-4AFA-A0E7-89EBF268F3CD}.Debug|x86.ActiveCfg = Debug|Any CPU
		{03253A93-7BB9-4AFA-A0E7-89EBF268F3CD}.Debug|x86.Build.0 = Debug|Any CPU
		{03253A93-7BB9-4AFA-A0E7-89EBF268F3CD}.Release|Any CPU.ActiveCfg = Release|Any CPU
		{03253A93-7BB9-4AFA-A0E7-89EBF268F3CD}.Release|Any CPU.Build.0 = Release|Any CPU
		{03253A93-7BB9-4AFA-A0E7-89EBF268F3CD}.Release|x64.ActiveCfg = Release|Any CPU
		{03253A93-7BB9-4AFA-A0E7-89EBF268F3CD}.Release|x64.Build.0 = Release|Any CPU
		{03253A93-7BB9-4AFA-A0E7-89EBF268F3CD}.Release|x86.ActiveCfg = Release|Any CPU
		{03253A93-7BB9-4AFA-A0E7-89EBF268F3CD}.Release|x86.Build.0 = Release|Any CPU
	EndGlobalSection
	GlobalSection(SolutionProperties) = preSolution
		HideSolutionNode = FALSE
	EndGlobalSection
	GlobalSection(NestedProjects) = preSolution
		{4F355A7C-583D-4B0A-8FC4-4E4443E9CA00} = {98583330-785B-4AD7-883F-D50E687AFFF5}
		{AA70EF89-8668-462D-B948-C7C1DCBB8DD0} = {8E68294B-279C-483B-9DF2-B19120492A3F}
		{596AC70A-ACBE-4CBC-B7A0-30B9DC0EA91C} = {8E68294B-279C-483B-9DF2-B19120492A3F}
		{761827AC-0024-4860-BCAF-C7839E759823} = {5087D676-E250-442A-BBFB-6E356B45412F}
		{FDF10AC4-5F28-4D29-9346-A181E74D2B35} = {8E68294B-279C-483B-9DF2-B19120492A3F}
		{8A6DA8A9-9307-4C3E-9DE9-2E9AE723F0AA} = {98583330-785B-4AD7-883F-D50E687AFFF5}
		{85E2482E-E2B8-42D5-BDD7-2B4654B9BA43} = {98583330-785B-4AD7-883F-D50E687AFFF5}
		{0BF702BD-3CB3-452F-B0C7-2EFB544F518A} = {85E2482E-E2B8-42D5-BDD7-2B4654B9BA43}
		{6926461B-0774-4F94-AB0F-9100DD738DA3} = {0BF702BD-3CB3-452F-B0C7-2EFB544F518A}
		{D28D2037-8B70-406D-8F0A-BF43D864D971} = {98583330-785B-4AD7-883F-D50E687AFFF5}
		{668CC5F8-C0BE-45C5-A66D-83BE2047C15C} = {98583330-785B-4AD7-883F-D50E687AFFF5}
	EndGlobalSection
	GlobalSection(ExtensibilityGlobals) = postSolution
		SolutionGuid = {227F87EF-A974-443C-90CF-7671D4F3C986}
	EndGlobalSection
EndGlobal
